
Microsoft Visual Studio Solution File, Format Version 12.00
# Visual Studio Version 16
VisualStudioVersion = 16.0.29721.120
MinimumVisualStudioVersion = 10.0.40219.1
Project("{9A19103F-16F7-4668-BE54-9A1E7A4F7556}") = "Prjctr.Algorithms", "src\Prjctr.Algorithms\Prjctr.Algorithms.csproj", "{7BB1E674-BC4C-4A4E-873E-FEE2F57AED4E}"
EndProject
Project("{2150E333-8FDC-42A3-9474-1A3956D46DE8}") = "src", "src", "{9485D4F4-9E94-4058-A11B-40BD0511E99D}"
EndProject
Project("{2150E333-8FDC-42A3-9474-1A3956D46DE8}") = "tests", "tests", "{2222C55D-4478-437D-A6F0-EAA8A21903DC}"
EndProject
Project("{9A19103F-16F7-4668-BE54-9A1E7A4F7556}") = "Prjctr.Algorithms.Tests", "tests\Prjctr.Algorithms.Tests\Prjctr.Algorithms.Tests.csproj", "{B5DE98B8-8DC7-4A0E-B396-654DF67E3BFF}"
EndProject
Project("{2150E333-8FDC-42A3-9474-1A3956D46DE8}") = "Solution Items", "Solution Items", "{346415FF-9233-459C-AE00-06ACFE985BC1}"
	ProjectSection(SolutionItems) = preProject
		.gitignore = .gitignore
		README.md = README.md
		run.sh = run.sh
	EndProjectSection
EndProject
Global
	GlobalSection(SolutionConfigurationPlatforms) = preSolution
		Debug|Any CPU = Debug|Any CPU
		Release|Any CPU = Release|Any CPU
	EndGlobalSection
	GlobalSection(ProjectConfigurationPlatforms) = postSolution
		{7BB1E674-BC4C-4A4E-873E-FEE2F57AED4E}.Debug|Any CPU.ActiveCfg = Debug|Any CPU
		{7BB1E674-BC4C-4A4E-873E-FEE2F57AED4E}.Debug|Any CPU.Build.0 = Debug|Any CPU
		{7BB1E674-BC4C-4A4E-873E-FEE2F57AED4E}.Release|Any CPU.ActiveCfg = Release|Any CPU
		{7BB1E674-BC4C-4A4E-873E-FEE2F57AED4E}.Release|Any CPU.Build.0 = Release|Any CPU
		{B5DE98B8-8DC7-4A0E-B396-654DF67E3BFF}.Debug|Any CPU.ActiveCfg = Debug|Any CPU
		{B5DE98B8-8DC7-4A0E-B396-654DF67E3BFF}.Debug|Any CPU.Build.0 = Debug|Any CPU
		{B5DE98B8-8DC7-4A0E-B396-654DF67E3BFF}.Release|Any CPU.ActiveCfg = Release|Any CPU
		{B5DE98B8-8DC7-4A0E-B396-654DF67E3BFF}.Release|Any CPU.Build.0 = Release|Any CPU
	EndGlobalSection
	GlobalSection(SolutionProperties) = preSolution
		HideSolutionNode = FALSE
	EndGlobalSection
	GlobalSection(NestedProjects) = preSolution
		{B5DE98B8-8DC7-4A0E-B396-654DF67E3BFF} = {2222C55D-4478-437D-A6F0-EAA8A21903DC}
		{7BB1E674-BC4C-4A4E-873E-FEE2F57AED4E} = {9485D4F4-9E94-4058-A11B-40BD0511E99D}
	EndGlobalSection
	GlobalSection(ExtensibilityGlobals) = postSolution
		SolutionGuid = {541B563F-712B-4BF0-851D-756E0B417E4C}
	EndGlobalSection
EndGlobal
